
Microsoft Visual Studio Solution File, Format Version 12.00
# Visual Studio Version 16
VisualStudioVersion = 16.0.29209.62
MinimumVisualStudioVersion = 10.0.40219.1
Project("{8BC9CEB8-8B4A-11D0-8D11-00A0C91BC942}") = "DefaultArgumentFungsi__CPP", "DefaultArgumentFungsi__CPP.vcxproj", "{1FDB7E3A-1505-49EA-A028-9B1621FCD0D8}"
EndProject
Global
	GlobalSection(SolutionConfigurationPlatforms) = preSolution
		Debug|x64 = Debug|x64
		Debug|x86 = Debug|x86
		Release|x64 = Release|x64
		Release|x86 = Release|x86
	EndGlobalSection
	GlobalSection(ProjectConfigurationPlatforms) = postSolution
		{1FDB7E3A-1505-49EA-A028-9B1621FCD0D8}.Debug|x64.ActiveCfg = Debug|x64
		{1FDB7E3A-1505-49EA-A028-9B1621FCD0D8}.Debug|x64.Build.0 = Debug|x64
		{1FDB7E3A-1505-49EA-A028-9B1621FCD0D8}.Debug|x86.ActiveCfg = Debug|Win32
		{1FDB7E3A-1505-49EA-A028-9B1621FCD0D8}.Debug|x86.Build.0 = Debug|Win32
		{1FDB7E3A-1505-49EA-A028-9B1621FCD0D8}.Release|x64.ActiveCfg = Release|x64
		{1FDB7E3A-1505-49EA-A028-9B1621FCD0D8}.Release|x64.Build.0 = Release|x64
		{1FDB7E3A-1505-49EA-A028-9B1621FCD0D8}.Release|x86.ActiveCfg = Release|Win32
		{1FDB7E3A-1505-49EA-A028-9B1621FCD0D8}.Release|x86.Build.0 = Release|Win32
	EndGlobalSection
	GlobalSection(SolutionProperties) = preSolution
		HideSolutionNode = FALSE
	EndGlobalSection
	GlobalSection(ExtensibilityGlobals) = postSolution
		SolutionGuid = {8735EFD4-1E9D-4DC6-AEC3-4BE64DF249A0}
	EndGlobalSection
EndGlobal
